
Microsoft Visual Studio Solution File, Format Version 12.00
# Visual Studio Version 17
VisualStudioVersion = 17.14.36109.1 d17.14
MinimumVisualStudioVersion = 10.0.40219.1
Project("{FAE04EC0-301F-11D3-BF4B-00C04F79EFBC}") = "TodoApp", "TodoApp.csproj", "{1E392765-894F-4DF1-83EB-51B5D6601F1A}"
EndProject
Global
	GlobalSection(SolutionConfigurationPlatforms) = preSolution
		Debug|Any CPU = Debug|Any CPU
		Release|Any CPU = Release|Any CPU
	EndGlobalSection
	GlobalSection(ProjectConfigurationPlatforms) = postSolution
		{1E392765-894F-4DF1-83EB-51B5D6601F1A}.Debug|Any CPU.ActiveCfg = Debug|Any CPU
		{1E392765-894F-4DF1-83EB-51B5D6601F1A}.Debug|Any CPU.Build.0 = Debug|Any CPU
		{1E392765-894F-4DF1-83EB-51B5D6601F1A}.Release|Any CPU.ActiveCfg = Release|Any CPU
		{1E392765-894F-4DF1-83EB-51B5D6601F1A}.Release|Any CPU.Build.0 = Release|Any CPU
	EndGlobalSection
	GlobalSection(SolutionProperties) = preSolution
		HideSolutionNode = FALSE
	EndGlobalSection
	GlobalSection(ExtensibilityGlobals) = postSolution
		SolutionGuid = {1BAE410E-6789-4C45-A61D-D5B9D5574D88}
	EndGlobalSection
EndGlobal
